// !$*UTF8*$!
{
	archiveVersion = 1;
	classes = {
	};
	objectVersion = 56;
	objects = {

/* Begin PBXBuildFile section */
		840B1B0C29FFEC42006643BF /* BookmarkController.swift in Sources */ = {isa = PBXBuildFile; fileRef = 840B1B0B29FFEC42006643BF /* BookmarkController.swift */; };
		8425CC402A033D5200F660A7 /* SettingsController.swift in Sources */ = {isa = PBXBuildFile; fileRef = 8425CC3F2A033D5200F660A7 /* SettingsController.swift */; };
		8429F11629F7C9DB00872089 /* VisitedNoticeManager.swift in Sources */ = {isa = PBXBuildFile; fileRef = 8429F11529F7C9DB00872089 /* VisitedNoticeManager.swift */; };
		842FD0052A0B428300C7F35D /* NSAlert+Extension.swift in Sources */ = {isa = PBXBuildFile; fileRef = 842FD0042A0B428300C7F35D /* NSAlert+Extension.swift */; };
		845E8F7F29F37CA9007A4B80 /* AppDelegate.swift in Sources */ = {isa = PBXBuildFile; fileRef = 845E8F7E29F37CA9007A4B80 /* AppDelegate.swift */; };
		845E8F8129F37CA9007A4B80 /* MainController.swift in Sources */ = {isa = PBXBuildFile; fileRef = 845E8F8029F37CA9007A4B80 /* MainController.swift */; };
		845E8F8329F37CAB007A4B80 /* Assets.xcassets in Resources */ = {isa = PBXBuildFile; fileRef = 845E8F8229F37CAB007A4B80 /* Assets.xcassets */; };
		845E8F8629F37CAB007A4B80 /* Main.storyboard in Resources */ = {isa = PBXBuildFile; fileRef = 845E8F8429F37CAB007A4B80 /* Main.storyboard */; };
		84C17D3129F385E0009CFF4F /* SwiftSoup in Frameworks */ = {isa = PBXBuildFile; productRef = 84C17D3029F385E0009CFF4F /* SwiftSoup */; };
		84C17D3429F386BA009CFF4F /* Alamofire in Frameworks */ = {isa = PBXBuildFile; productRef = 84C17D3329F386BA009CFF4F /* Alamofire */; };
		84C17D3B29F3D451009CFF4F /* BoardParser.swift in Sources */ = {isa = PBXBuildFile; fileRef = 84C17D3A29F3D451009CFF4F /* BoardParser.swift */; };
		84C17D3E29F3D52F009CFF4F /* Notice.swift in Sources */ = {isa = PBXBuildFile; fileRef = 84C17D3D29F3D52F009CFF4F /* Notice.swift */; };
		84C17D4329F40676009CFF4F /* NoticeTableCell.swift in Sources */ = {isa = PBXBuildFile; fileRef = 84C17D4229F40676009CFF4F /* NoticeTableCell.swift */; };
		84C1B9D12A00D31C00D8A529 /* InfoPlist.strings in Resources */ = {isa = PBXBuildFile; fileRef = 84C1B9D32A00D31C00D8A529 /* InfoPlist.strings */; };
		84D492782A08A3A1005BFFE5 /* Main+NSTableView.swift in Sources */ = {isa = PBXBuildFile; fileRef = 84D492772A08A3A1005BFFE5 /* Main+NSTableView.swift */; };
		84D4927A2A08A3DD005BFFE5 /* Main+NSTextField.swift in Sources */ = {isa = PBXBuildFile; fileRef = 84D492792A08A3DD005BFFE5 /* Main+NSTextField.swift */; };
		84D4927C2A08A3F4005BFFE5 /* Main+NSMenu.swift in Sources */ = {isa = PBXBuildFile; fileRef = 84D4927B2A08A3F4005BFFE5 /* Main+NSMenu.swift */; };
		84D4927E2A08EC1F005BFFE5 /* Bookmark+NSTableView.swift in Sources */ = {isa = PBXBuildFile; fileRef = 84D4927D2A08EC1F005BFFE5 /* Bookmark+NSTableView.swift */; };
		84DE7D692A5B9A5300B916AE /* Board.swift in Sources */ = {isa = PBXBuildFile; fileRef = 84DE7D682A5B9A5300B916AE /* Board.swift */; };
		84DE7D6B2A5BA72800B916AE /* Bookmark+NSMenu.swift in Sources */ = {isa = PBXBuildFile; fileRef = 84DE7D6A2A5BA72800B916AE /* Bookmark+NSMenu.swift */; };
		84FC3E2C2A305A2D00B4EDA8 /* NSColor+Extension.swift in Sources */ = {isa = PBXBuildFile; fileRef = 84FC3E2B2A305A2D00B4EDA8 /* NSColor+Extension.swift */; };
		84FE22F929FFF54800A0CCEC /* BookmarkedNoticeManager.swift in Sources */ = {isa = PBXBuildFile; fileRef = 84FE22F829FFF54700A0CCEC /* BookmarkedNoticeManager.swift */; };
		F62F04342A920A20007B4C4E /* Settings+NSTableView.swift in Sources */ = {isa = PBXBuildFile; fileRef = F62F04332A920A20007B4C4E /* Settings+NSTableView.swift */; };
		F62F04362A920C29007B4C4E /* BoardTableCell.swift in Sources */ = {isa = PBXBuildFile; fileRef = F62F04352A920C29007B4C4E /* BoardTableCell.swift */; };
		F62F043A2A921843007B4C4E /* SettingsAddCustomBoardController.swift in Sources */ = {isa = PBXBuildFile; fileRef = F62F04392A921843007B4C4E /* SettingsAddCustomBoardController.swift */; };
/* End PBXBuildFile section */

/* Begin PBXFileReference section */
		840B1B0B29FFEC42006643BF /* BookmarkController.swift */ = {isa = PBXFileReference; lastKnownFileType = sourcecode.swift; path = BookmarkController.swift; sourceTree = "<group>"; };
		8425CC3F2A033D5200F660A7 /* SettingsController.swift */ = {isa = PBXFileReference; lastKnownFileType = sourcecode.swift; path = SettingsController.swift; sourceTree = "<group>"; };
		8429F11529F7C9DB00872089 /* VisitedNoticeManager.swift */ = {isa = PBXFileReference; lastKnownFileType = sourcecode.swift; path = VisitedNoticeManager.swift; sourceTree = "<group>"; };
		842FD0042A0B428300C7F35D /* NSAlert+Extension.swift */ = {isa = PBXFileReference; lastKnownFileType = sourcecode.swift; path = "NSAlert+Extension.swift"; sourceTree = "<group>"; };
		845E8F7B29F37CA9007A4B80 /* NoticeBoard.app */ = {isa = PBXFileReference; explicitFileType = wrapper.application; includeInIndex = 0; path = NoticeBoard.app; sourceTree = BUILT_PRODUCTS_DIR; };
		845E8F7E29F37CA9007A4B80 /* AppDelegate.swift */ = {isa = PBXFileReference; lastKnownFileType = sourcecode.swift; path = AppDelegate.swift; sourceTree = "<group>"; };
		845E8F8029F37CA9007A4B80 /* MainController.swift */ = {isa = PBXFileReference; lastKnownFileType = sourcecode.swift; path = MainController.swift; sourceTree = "<group>"; };
		845E8F8229F37CAB007A4B80 /* Assets.xcassets */ = {isa = PBXFileReference; lastKnownFileType = folder.assetcatalog; path = Assets.xcassets; sourceTree = "<group>"; };
		845E8F8529F37CAB007A4B80 /* Base */ = {isa = PBXFileReference; lastKnownFileType = file.storyboard; name = Base; path = Base.lproj/Main.storyboard; sourceTree = "<group>"; };
		845E8F8729F37CAB007A4B80 /* NoticeBoard.entitlements */ = {isa = PBXFileReference; lastKnownFileType = text.plist.entitlements; path = NoticeBoard.entitlements; sourceTree = "<group>"; };
		84C17D3A29F3D451009CFF4F /* BoardParser.swift */ = {isa = PBXFileReference; lastKnownFileType = sourcecode.swift; path = BoardParser.swift; sourceTree = "<group>"; };
		84C17D3D29F3D52F009CFF4F /* Notice.swift */ = {isa = PBXFileReference; lastKnownFileType = sourcecode.swift; path = Notice.swift; sourceTree = "<group>"; };
		84C17D4229F40676009CFF4F /* NoticeTableCell.swift */ = {isa = PBXFileReference; lastKnownFileType = sourcecode.swift; path = NoticeTableCell.swift; sourceTree = "<group>"; };
		84C1B9C92A00D1BD00D8A529 /* ko */ = {isa = PBXFileReference; lastKnownFileType = text.plist.strings; name = ko; path = ko.lproj/Main.strings; sourceTree = "<group>"; };
		84C1B9D22A00D31C00D8A529 /* ko */ = {isa = PBXFileReference; lastKnownFileType = text.plist.strings; name = ko; path = ko.lproj/InfoPlist.strings; sourceTree = "<group>"; };
		84D492772A08A3A1005BFFE5 /* Main+NSTableView.swift */ = {isa = PBXFileReference; lastKnownFileType = sourcecode.swift; path = "Main+NSTableView.swift"; sourceTree = "<group>"; };
		84D492792A08A3DD005BFFE5 /* Main+NSTextField.swift */ = {isa = PBXFileReference; lastKnownFileType = sourcecode.swift; path = "Main+NSTextField.swift"; sourceTree = "<group>"; };
		84D4927B2A08A3F4005BFFE5 /* Main+NSMenu.swift */ = {isa = PBXFileReference; lastKnownFileType = sourcecode.swift; path = "Main+NSMenu.swift"; sourceTree = "<group>"; };
		84D4927D2A08EC1F005BFFE5 /* Bookmark+NSTableView.swift */ = {isa = PBXFileReference; lastKnownFileType = sourcecode.swift; path = "Bookmark+NSTableView.swift"; sourceTree = "<group>"; };
		84DE7D682A5B9A5300B916AE /* Board.swift */ = {isa = PBXFileReference; lastKnownFileType = sourcecode.swift; path = Board.swift; sourceTree = "<group>"; };
		84DE7D6A2A5BA72800B916AE /* Bookmark+NSMenu.swift */ = {isa = PBXFileReference; lastKnownFileType = sourcecode.swift; path = "Bookmark+NSMenu.swift"; sourceTree = "<group>"; };
		84FC3E2B2A305A2D00B4EDA8 /* NSColor+Extension.swift */ = {isa = PBXFileReference; lastKnownFileType = sourcecode.swift; path = "NSColor+Extension.swift"; sourceTree = "<group>"; };
		84FE22F829FFF54700A0CCEC /* BookmarkedNoticeManager.swift */ = {isa = PBXFileReference; lastKnownFileType = sourcecode.swift; path = BookmarkedNoticeManager.swift; sourceTree = "<group>"; };
		F62F04332A920A20007B4C4E /* Settings+NSTableView.swift */ = {isa = PBXFileReference; lastKnownFileType = sourcecode.swift; path = "Settings+NSTableView.swift"; sourceTree = "<group>"; };
		F62F04352A920C29007B4C4E /* BoardTableCell.swift */ = {isa = PBXFileReference; lastKnownFileType = sourcecode.swift; path = BoardTableCell.swift; sourceTree = "<group>"; };
		F62F04392A921843007B4C4E /* SettingsAddCustomBoardController.swift */ = {isa = PBXFileReference; lastKnownFileType = sourcecode.swift; path = SettingsAddCustomBoardController.swift; sourceTree = "<group>"; };
/* End PBXFileReference section */

/* Begin PBXFrameworksBuildPhase section */
		845E8F7829F37CA9007A4B80 /* Frameworks */ = {
			isa = PBXFrameworksBuildPhase;
			buildActionMask = 2147483647;
			files = (
				84C17D3129F385E0009CFF4F /* SwiftSoup in Frameworks */,
				84C17D3429F386BA009CFF4F /* Alamofire in Frameworks */,
			);
			runOnlyForDeploymentPostprocessing = 0;
		};
/* End PBXFrameworksBuildPhase section */

/* Begin PBXGroup section */
		840B1B0A29FFEC2E006643BF /* Bookmark */ = {
			isa = PBXGroup;
			children = (
				840B1B0B29FFEC42006643BF /* BookmarkController.swift */,
				84D4927D2A08EC1F005BFFE5 /* Bookmark+NSTableView.swift */,
				84DE7D6A2A5BA72800B916AE /* Bookmark+NSMenu.swift */,
			);
			path = Bookmark;
			sourceTree = "<group>";
		};
		8425CC3E2A033D3C00F660A7 /* Settings */ = {
			isa = PBXGroup;
			children = (
				8425CC3F2A033D5200F660A7 /* SettingsController.swift */,
				F62F04332A920A20007B4C4E /* Settings+NSTableView.swift */,
				F62F04392A921843007B4C4E /* SettingsAddCustomBoardController.swift */,
			);
			path = Settings;
			sourceTree = "<group>";
		};
		8429F11429F7C9B900872089 /* Utils */ = {
			isa = PBXGroup;
			children = (
				84C17D3A29F3D451009CFF4F /* BoardParser.swift */,
				8429F11529F7C9DB00872089 /* VisitedNoticeManager.swift */,
				84FE22F829FFF54700A0CCEC /* BookmarkedNoticeManager.swift */,
			);
			path = Utils;
			sourceTree = "<group>";
		};
		845E8F7229F37CA9007A4B80 = {
			isa = PBXGroup;
			children = (
				845E8F7D29F37CA9007A4B80 /* NoticeBoard */,
				845E8F7C29F37CA9007A4B80 /* Products */,
			);
			sourceTree = "<group>";
		};
		845E8F7C29F37CA9007A4B80 /* Products */ = {
			isa = PBXGroup;
			children = (
				845E8F7B29F37CA9007A4B80 /* NoticeBoard.app */,
			);
			name = Products;
			sourceTree = "<group>";
		};
		845E8F7D29F37CA9007A4B80 /* NoticeBoard */ = {
			isa = PBXGroup;
			children = (
				84FC3E2A2A305A1D00B4EDA8 /* Extensions */,
				8429F11429F7C9B900872089 /* Utils */,
				84C17D4129F403D4009CFF4F /* Custom Controls */,
				84C17D3C29F3D472009CFF4F /* Models */,
				84C17D3529F3D381009CFF4F /* Controllers */,
				84C17D3829F3D3D1009CFF4F /* Resources */,
				84C17D3629F3D38D009CFF4F /* Supporting Files */,
			);
			path = NoticeBoard;
			sourceTree = "<group>";
		};
		84C17D3529F3D381009CFF4F /* Controllers */ = {
			isa = PBXGroup;
			children = (
				84C17D3729F3D3AF009CFF4F /* Main */,
				840B1B0A29FFEC2E006643BF /* Bookmark */,
				8425CC3E2A033D3C00F660A7 /* Settings */,
			);
			path = Controllers;
			sourceTree = "<group>";
		};
		84C17D3629F3D38D009CFF4F /* Supporting Files */ = {
			isa = PBXGroup;
			children = (
				84C1B9D32A00D31C00D8A529 /* InfoPlist.strings */,
				845E8F8729F37CAB007A4B80 /* NoticeBoard.entitlements */,
				845E8F7E29F37CA9007A4B80 /* AppDelegate.swift */,
			);
			path = "Supporting Files";
			sourceTree = "<group>";
		};
		84C17D3729F3D3AF009CFF4F /* Main */ = {
			isa = PBXGroup;
			children = (
				845E8F8029F37CA9007A4B80 /* MainController.swift */,
				84D492772A08A3A1005BFFE5 /* Main+NSTableView.swift */,
				84D492792A08A3DD005BFFE5 /* Main+NSTextField.swift */,
				84D4927B2A08A3F4005BFFE5 /* Main+NSMenu.swift */,
			);
			path = Main;
			sourceTree = "<group>";
		};
		84C17D3829F3D3D1009CFF4F /* Resources */ = {
			isa = PBXGroup;
			children = (
				845E8F8229F37CAB007A4B80 /* Assets.xcassets */,
				845E8F8429F37CAB007A4B80 /* Main.storyboard */,
			);
			path = Resources;
			sourceTree = "<group>";
		};
		84C17D3C29F3D472009CFF4F /* Models */ = {
			isa = PBXGroup;
			children = (
				84C17D3D29F3D52F009CFF4F /* Notice.swift */,
				84DE7D682A5B9A5300B916AE /* Board.swift */,
			);
			path = Models;
			sourceTree = "<group>";
		};
		84C17D4129F403D4009CFF4F /* Custom Controls */ = {
			isa = PBXGroup;
			children = (
				84C17D4229F40676009CFF4F /* NoticeTableCell.swift */,
				842FD0042A0B428300C7F35D /* NSAlert+Extension.swift */,
				F62F04352A920C29007B4C4E /* BoardTableCell.swift */,
			);
			path = "Custom Controls";
			sourceTree = "<group>";
		};
		84FC3E2A2A305A1D00B4EDA8 /* Extensions */ = {
			isa = PBXGroup;
			children = (
				84FC3E2B2A305A2D00B4EDA8 /* NSColor+Extension.swift */,
			);
			path = Extensions;
			sourceTree = "<group>";
		};
/* End PBXGroup section */

/* Begin PBXNativeTarget section */
		845E8F7A29F37CA9007A4B80 /* NoticeBoard */ = {
			isa = PBXNativeTarget;
			buildConfigurationList = 845E8F8A29F37CAB007A4B80 /* Build configuration list for PBXNativeTarget "NoticeBoard" */;
			buildPhases = (
				845E8F7729F37CA9007A4B80 /* Sources */,
				845E8F7829F37CA9007A4B80 /* Frameworks */,
				845E8F7929F37CA9007A4B80 /* Resources */,
			);
			buildRules = (
			);
			dependencies = (
			);
			name = NoticeBoard;
			packageProductDependencies = (
				84C17D3029F385E0009CFF4F /* SwiftSoup */,
				84C17D3329F386BA009CFF4F /* Alamofire */,
			);
			productName = NoticeBoard;
			productReference = 845E8F7B29F37CA9007A4B80 /* NoticeBoard.app */;
			productType = "com.apple.product-type.application";
		};
/* End PBXNativeTarget section */

/* Begin PBXProject section */
		845E8F7329F37CA9007A4B80 /* Project object */ = {
			isa = PBXProject;
			attributes = {
				BuildIndependentTargetsInParallel = 1;
				LastSwiftUpdateCheck = 1420;
				LastUpgradeCheck = 1430;
				TargetAttributes = {
					845E8F7A29F37CA9007A4B80 = {
						CreatedOnToolsVersion = 14.2;
					};
				};
			};
			buildConfigurationList = 845E8F7629F37CA9007A4B80 /* Build configuration list for PBXProject "NoticeBoard" */;
			compatibilityVersion = "Xcode 14.0";
			developmentRegion = en;
			hasScannedForEncodings = 0;
			knownRegions = (
				en,
				Base,
				ko,
			);
			mainGroup = 845E8F7229F37CA9007A4B80;
			packageReferences = (
				84C17D2F29F385E0009CFF4F /* XCRemoteSwiftPackageReference "SwiftSoup" */,
				84C17D3229F386BA009CFF4F /* XCRemoteSwiftPackageReference "Alamofire" */,
			);
			productRefGroup = 845E8F7C29F37CA9007A4B80 /* Products */;
			projectDirPath = "";
			projectRoot = "";
			targets = (
				845E8F7A29F37CA9007A4B80 /* NoticeBoard */,
			);
		};
/* End PBXProject section */

/* Begin PBXResourcesBuildPhase section */
		845E8F7929F37CA9007A4B80 /* Resources */ = {
			isa = PBXResourcesBuildPhase;
			buildActionMask = 2147483647;
			files = (
				84C1B9D12A00D31C00D8A529 /* InfoPlist.strings in Resources */,
				845E8F8329F37CAB007A4B80 /* Assets.xcassets in Resources */,
				845E8F8629F37CAB007A4B80 /* Main.storyboard in Resources */,
			);
			runOnlyForDeploymentPostprocessing = 0;
		};
/* End PBXResourcesBuildPhase section */

/* Begin PBXSourcesBuildPhase section */
		845E8F7729F37CA9007A4B80 /* Sources */ = {
			isa = PBXSourcesBuildPhase;
			buildActionMask = 2147483647;
			files = (
				8425CC402A033D5200F660A7 /* SettingsController.swift in Sources */,
				84D4927E2A08EC1F005BFFE5 /* Bookmark+NSTableView.swift in Sources */,
				84C17D4329F40676009CFF4F /* NoticeTableCell.swift in Sources */,
				84D4927C2A08A3F4005BFFE5 /* Main+NSMenu.swift in Sources */,
				84DE7D6B2A5BA72800B916AE /* Bookmark+NSMenu.swift in Sources */,
				84C17D3B29F3D451009CFF4F /* BoardParser.swift in Sources */,
				F62F04362A920C29007B4C4E /* BoardTableCell.swift in Sources */,
				842FD0052A0B428300C7F35D /* NSAlert+Extension.swift in Sources */,
				840B1B0C29FFEC42006643BF /* BookmarkController.swift in Sources */,
				84D4927A2A08A3DD005BFFE5 /* Main+NSTextField.swift in Sources */,
				F62F043A2A921843007B4C4E /* SettingsAddCustomBoardController.swift in Sources */,
				F62F04342A920A20007B4C4E /* Settings+NSTableView.swift in Sources */,
				84C17D3E29F3D52F009CFF4F /* Notice.swift in Sources */,
				84FE22F929FFF54800A0CCEC /* BookmarkedNoticeManager.swift in Sources */,
				8429F11629F7C9DB00872089 /* VisitedNoticeManager.swift in Sources */,
				84D492782A08A3A1005BFFE5 /* Main+NSTableView.swift in Sources */,
				84FC3E2C2A305A2D00B4EDA8 /* NSColor+Extension.swift in Sources */,
				845E8F8129F37CA9007A4B80 /* MainController.swift in Sources */,
				84DE7D692A5B9A5300B916AE /* Board.swift in Sources */,
				845E8F7F29F37CA9007A4B80 /* AppDelegate.swift in Sources */,
			);
			runOnlyForDeploymentPostprocessing = 0;
		};
/* End PBXSourcesBuildPhase section */

/* Begin PBXVariantGroup section */
		845E8F8429F37CAB007A4B80 /* Main.storyboard */ = {
			isa = PBXVariantGroup;
			children = (
				845E8F8529F37CAB007A4B80 /* Base */,
				84C1B9C92A00D1BD00D8A529 /* ko */,
			);
			name = Main.storyboard;
			sourceTree = "<group>";
		};
		84C1B9D32A00D31C00D8A529 /* InfoPlist.strings */ = {
			isa = PBXVariantGroup;
			children = (
				84C1B9D22A00D31C00D8A529 /* ko */,
			);
			name = InfoPlist.strings;
			sourceTree = "<group>";
		};
/* End PBXVariantGroup section */

/* Begin XCBuildConfiguration section */
		845E8F8829F37CAB007A4B80 /* Debug */ = {
			isa = XCBuildConfiguration;
			buildSettings = {
				ALWAYS_SEARCH_USER_PATHS = NO;
				CLANG_ANALYZER_LOCALIZABILITY_NONLOCALIZED = YES;
				CLANG_ANALYZER_NONNULL = YES;
				CLANG_ANALYZER_NUMBER_OBJECT_CONVERSION = YES_AGGRESSIVE;
				CLANG_CXX_LANGUAGE_STANDARD = "gnu++20";
				CLANG_ENABLE_MODULES = YES;
				CLANG_ENABLE_OBJC_ARC = YES;
				CLANG_ENABLE_OBJC_WEAK = YES;
				CLANG_WARN_BLOCK_CAPTURE_AUTORELEASING = YES;
				CLANG_WARN_BOOL_CONVERSION = YES;
				CLANG_WARN_COMMA = YES;
				CLANG_WARN_CONSTANT_CONVERSION = YES;
				CLANG_WARN_DEPRECATED_OBJC_IMPLEMENTATIONS = YES;
				CLANG_WARN_DIRECT_OBJC_ISA_USAGE = YES_ERROR;
				CLANG_WARN_DOCUMENTATION_COMMENTS = YES;
				CLANG_WARN_EMPTY_BODY = YES;
				CLANG_WARN_ENUM_CONVERSION = YES;
				CLANG_WARN_INFINITE_RECURSION = YES;
				CLANG_WARN_INT_CONVERSION = YES;
				CLANG_WARN_NON_LITERAL_NULL_CONVERSION = YES;
				CLANG_WARN_OBJC_IMPLICIT_RETAIN_SELF = YES;
				CLANG_WARN_OBJC_LITERAL_CONVERSION = YES;
				CLANG_WARN_OBJC_ROOT_CLASS = YES_ERROR;
				CLANG_WARN_QUOTED_INCLUDE_IN_FRAMEWORK_HEADER = YES;
				CLANG_WARN_RANGE_LOOP_ANALYSIS = YES;
				CLANG_WARN_STRICT_PROTOTYPES = YES;
				CLANG_WARN_SUSPICIOUS_MOVE = YES;
				CLANG_WARN_UNGUARDED_AVAILABILITY = YES_AGGRESSIVE;
				CLANG_WARN_UNREACHABLE_CODE = YES;
				CLANG_WARN__DUPLICATE_METHOD_MATCH = YES;
				COPY_PHASE_STRIP = NO;
				DEAD_CODE_STRIPPING = YES;
				DEBUG_INFORMATION_FORMAT = dwarf;
				ENABLE_STRICT_OBJC_MSGSEND = YES;
				ENABLE_TESTABILITY = YES;
				GCC_C_LANGUAGE_STANDARD = gnu11;
				GCC_DYNAMIC_NO_PIC = NO;
				GCC_NO_COMMON_BLOCKS = YES;
				GCC_OPTIMIZATION_LEVEL = 0;
				GCC_PREPROCESSOR_DEFINITIONS = (
					"DEBUG=1",
					"$(inherited)",
				);
				GCC_WARN_64_TO_32_BIT_CONVERSION = YES;
				GCC_WARN_ABOUT_RETURN_TYPE = YES_ERROR;
				GCC_WARN_UNDECLARED_SELECTOR = YES;
				GCC_WARN_UNINITIALIZED_AUTOS = YES_AGGRESSIVE;
				GCC_WARN_UNUSED_FUNCTION = YES;
				GCC_WARN_UNUSED_VARIABLE = YES;
				INFOPLIST_KEY_CFBundleDisplayName = "Notice Board";
				MACOSX_DEPLOYMENT_TARGET = 13.1;
				MTL_ENABLE_DEBUG_INFO = INCLUDE_SOURCE;
				MTL_FAST_MATH = YES;
				ONLY_ACTIVE_ARCH = YES;
				SDKROOT = macosx;
				SWIFT_ACTIVE_COMPILATION_CONDITIONS = DEBUG;
				SWIFT_OPTIMIZATION_LEVEL = "-Onone";
			};
			name = Debug;
		};
		845E8F8929F37CAB007A4B80 /* Release */ = {
			isa = XCBuildConfiguration;
			buildSettings = {
				ALWAYS_SEARCH_USER_PATHS = NO;
				CLANG_ANALYZER_LOCALIZABILITY_NONLOCALIZED = YES;
				CLANG_ANALYZER_NONNULL = YES;
				CLANG_ANALYZER_NUMBER_OBJECT_CONVERSION = YES_AGGRESSIVE;
				CLANG_CXX_LANGUAGE_STANDARD = "gnu++20";
				CLANG_ENABLE_MODULES = YES;
				CLANG_ENABLE_OBJC_ARC = YES;
				CLANG_ENABLE_OBJC_WEAK = YES;
				CLANG_WARN_BLOCK_CAPTURE_AUTORELEASING = YES;
				CLANG_WARN_BOOL_CONVERSION = YES;
				CLANG_WARN_COMMA = YES;
				CLANG_WARN_CONSTANT_CONVERSION = YES;
				CLANG_WARN_DEPRECATED_OBJC_IMPLEMENTATIONS = YES;
				CLANG_WARN_DIRECT_OBJC_ISA_USAGE = YES_ERROR;
				CLANG_WARN_DOCUMENTATION_COMMENTS = YES;
				CLANG_WARN_EMPTY_BODY = YES;
				CLANG_WARN_ENUM_CONVERSION = YES;
				CLANG_WARN_INFINITE_RECURSION = YES;
				CLANG_WARN_INT_CONVERSION = YES;
				CLANG_WARN_NON_LITERAL_NULL_CONVERSION = YES;
				CLANG_WARN_OBJC_IMPLICIT_RETAIN_SELF = YES;
				CLANG_WARN_OBJC_LITERAL_CONVERSION = YES;
				CLANG_WARN_OBJC_ROOT_CLASS = YES_ERROR;
				CLANG_WARN_QUOTED_INCLUDE_IN_FRAMEWORK_HEADER = YES;
				CLANG_WARN_RANGE_LOOP_ANALYSIS = YES;
				CLANG_WARN_STRICT_PROTOTYPES = YES;
				CLANG_WARN_SUSPICIOUS_MOVE = YES;
				CLANG_WARN_UNGUARDED_AVAILABILITY = YES_AGGRESSIVE;
				CLANG_WARN_UNREACHABLE_CODE = YES;
				CLANG_WARN__DUPLICATE_METHOD_MATCH = YES;
				COPY_PHASE_STRIP = NO;
				DEAD_CODE_STRIPPING = YES;
				DEBUG_INFORMATION_FORMAT = "dwarf-with-dsym";
				ENABLE_NS_ASSERTIONS = NO;
				ENABLE_STRICT_OBJC_MSGSEND = YES;
				GCC_C_LANGUAGE_STANDARD = gnu11;
				GCC_NO_COMMON_BLOCKS = YES;
				GCC_WARN_64_TO_32_BIT_CONVERSION = YES;
				GCC_WARN_ABOUT_RETURN_TYPE = YES_ERROR;
				GCC_WARN_UNDECLARED_SELECTOR = YES;
				GCC_WARN_UNINITIALIZED_AUTOS = YES_AGGRESSIVE;
				GCC_WARN_UNUSED_FUNCTION = YES;
				GCC_WARN_UNUSED_VARIABLE = YES;
				INFOPLIST_KEY_CFBundleDisplayName = "Notice Board";
				MACOSX_DEPLOYMENT_TARGET = 13.1;
				MTL_ENABLE_DEBUG_INFO = NO;
				MTL_FAST_MATH = YES;
				SDKROOT = macosx;
				SWIFT_COMPILATION_MODE = wholemodule;
				SWIFT_OPTIMIZATION_LEVEL = "-O";
			};
			name = Release;
		};
		845E8F8B29F37CAB007A4B80 /* Debug */ = {
			isa = XCBuildConfiguration;
			buildSettings = {
				ASSETCATALOG_COMPILER_APPICON_NAME = AppIcon;
				ASSETCATALOG_COMPILER_GLOBAL_ACCENT_COLOR_NAME = AccentColor;
				CODE_SIGN_ENTITLEMENTS = "NoticeBoard/Supporting Files/NoticeBoard.entitlements";
				CODE_SIGN_STYLE = Automatic;
				COMBINE_HIDPI_IMAGES = YES;
				CURRENT_PROJECT_VERSION = 7;
				DEAD_CODE_STRIPPING = YES;
				DEVELOPMENT_TEAM = J2V5PFX4TX;
				ENABLE_HARDENED_RUNTIME = YES;
				GENERATE_INFOPLIST_FILE = YES;
				INFOPLIST_KEY_CFBundleDisplayName = NoticeBoard;
				INFOPLIST_KEY_LSApplicationCategoryType = "public.app-category.news";
				INFOPLIST_KEY_NSHumanReadableCopyright = "";
				INFOPLIST_KEY_NSMainStoryboardFile = Main;
				INFOPLIST_KEY_NSPrincipalClass = NSApplication;
				LD_RUNPATH_SEARCH_PATHS = (
					"$(inherited)",
					"@executable_path/../Frameworks",
				);
				MARKETING_VERSION = 1.1.0;
				PRODUCT_BUNDLE_IDENTIFIER = com.junyoung.NoticeBoard;
				PRODUCT_NAME = "$(TARGET_NAME)";
				SWIFT_EMIT_LOC_STRINGS = YES;
				SWIFT_VERSION = 5.0;
			};
			name = Debug;
		};
		845E8F8C29F37CAB007A4B80 /* Release */ = {
			isa = XCBuildConfiguration;
			buildSettings = {
				ASSETCATALOG_COMPILER_APPICON_NAME = AppIcon;
				ASSETCATALOG_COMPILER_GLOBAL_ACCENT_COLOR_NAME = AccentColor;
				CODE_SIGN_ENTITLEMENTS = "NoticeBoard/Supporting Files/NoticeBoard.entitlements";
				CODE_SIGN_STYLE = Automatic;
				COMBINE_HIDPI_IMAGES = YES;
				CURRENT_PROJECT_VERSION = 7;
				DEAD_CODE_STRIPPING = YES;
				DEVELOPMENT_TEAM = J2V5PFX4TX;
				ENABLE_HARDENED_RUNTIME = YES;
				GENERATE_INFOPLIST_FILE = YES;
				INFOPLIST_KEY_CFBundleDisplayName = NoticeBoard;
				INFOPLIST_KEY_LSApplicationCategoryType = "public.app-category.news";
				INFOPLIST_KEY_NSHumanReadableCopyright = "";
				INFOPLIST_KEY_NSMainStoryboardFile = Main;
				INFOPLIST_KEY_NSPrincipalClass = NSApplication;
				LD_RUNPATH_SEARCH_PATHS = (
					"$(inherited)",
					"@executable_path/../Frameworks",
				);
				MARKETING_VERSION = 1.1.0;
				PRODUCT_BUNDLE_IDENTIFIER = com.junyoung.NoticeBoard;
				PRODUCT_NAME = NoticeBoard;
				SWIFT_EMIT_LOC_STRINGS = YES;
				SWIFT_VERSION = 5.0;
			};
			name = Release;
		};
/* End XCBuildConfiguration section */

/* Begin XCConfigurationList section */
		845E8F7629F37CA9007A4B80 /* Build configuration list for PBXProject "NoticeBoard" */ = {
			isa = XCConfigurationList;
			buildConfigurations = (
				845E8F8829F37CAB007A4B80 /* Debug */,
				845E8F8929F37CAB007A4B80 /* Release */,
			);
			defaultConfigurationIsVisible = 0;
			defaultConfigurationName = Release;
		};
		845E8F8A29F37CAB007A4B80 /* Build configuration list for PBXNativeTarget "NoticeBoard" */ = {
			isa = XCConfigurationList;
			buildConfigurations = (
				845E8F8B29F37CAB007A4B80 /* Debug */,
				845E8F8C29F37CAB007A4B80 /* Release */,
			);
			defaultConfigurationIsVisible = 0;
			defaultConfigurationName = Release;
		};
/* End XCConfigurationList section */

/* Begin XCRemoteSwiftPackageReference section */
		84C17D2F29F385E0009CFF4F /* XCRemoteSwiftPackageReference "SwiftSoup" */ = {
			isa = XCRemoteSwiftPackageReference;
			repositoryURL = "https://github.com/scinfu/SwiftSoup.git";
			requirement = {
				kind = upToNextMajorVersion;
				minimumVersion = 2.0.0;
			};
		};
		84C17D3229F386BA009CFF4F /* XCRemoteSwiftPackageReference "Alamofire" */ = {
			isa = XCRemoteSwiftPackageReference;
			repositoryURL = "https://github.com/Alamofire/Alamofire.git";
			requirement = {
				kind = upToNextMajorVersion;
				minimumVersion = 5.0.0;
			};
		};
/* End XCRemoteSwiftPackageReference section */

/* Begin XCSwiftPackageProductDependency section */
		84C17D3029F385E0009CFF4F /* SwiftSoup */ = {
			isa = XCSwiftPackageProductDependency;
			package = 84C17D2F29F385E0009CFF4F /* XCRemoteSwiftPackageReference "SwiftSoup" */;
			productName = SwiftSoup;
		};
		84C17D3329F386BA009CFF4F /* Alamofire */ = {
			isa = XCSwiftPackageProductDependency;
			package = 84C17D3229F386BA009CFF4F /* XCRemoteSwiftPackageReference "Alamofire" */;
			productName = Alamofire;
		};
/* End XCSwiftPackageProductDependency section */
	};
	rootObject = 845E8F7329F37CA9007A4B80 /* Project object */;
}
